
Microsoft Visual Studio Solution File, Format Version 12.00
# Visual Studio Version 16
VisualStudioVersion = 16.0.28516.95
MinimumVisualStudioVersion = 10.0.40219.1
Project("{FAE04EC0-301F-11D3-BF4B-00C04F79EFBC}") = "CustomTabNames", "CustomTabNames.csproj", "{9A9C0A8E-553C-4C44-B64F-E3304E755CDA}"
EndProject
Global
	GlobalSection(SolutionConfigurationPlatforms) = preSolution
		Debug|Any CPU = Debug|Any CPU
		Release|Any CPU = Release|Any CPU
	EndGlobalSection
	GlobalSection(ProjectConfigurationPlatforms) = postSolution
		{9A9C0A8E-553C-4C44-B64F-E3304E755CDA}.Debug|Any CPU.ActiveCfg = Debug|Any CPU
		{9A9C0A8E-553C-4C44-B64F-E3304E755CDA}.Debug|Any CPU.Build.0 = Debug|Any CPU
		{9A9C0A8E-553C-4C44-B64F-E3304E755CDA}.Release|Any CPU.ActiveCfg = Release|Any CPU
		{9A9C0A8E-553C-4C44-B64F-E3304E755CDA}.Release|Any CPU.Build.0 = Release|Any CPU
	EndGlobalSection
	GlobalSection(SolutionProperties) = preSolution
		HideSolutionNode = FALSE
	EndGlobalSection
	GlobalSection(ExtensibilityGlobals) = postSolution
		SolutionGuid = {9DED0FB0-81A1-436A-877F-8A96D194E864}
	EndGlobalSection
EndGlobal
